
Microsoft Visual Studio Solution File, Format Version 12.00
# Visual Studio Version 17
VisualStudioVersion = 17.9.34723.18
MinimumVisualStudioVersion = 10.0.40219.1
Project("{FAE04EC0-301F-11D3-BF4B-00C04F79EFBC}") = "OOP_19", "OOP_19\OOP_19.csproj", "{78D02998-3552-46EF-87BC-33C1B2820EF8}"
EndProject
Global
	GlobalSection(SolutionConfigurationPlatforms) = preSolution
		Debug|Any CPU = Debug|Any CPU
		Release|Any CPU = Release|Any CPU
	EndGlobalSection
	GlobalSection(ProjectConfigurationPlatforms) = postSolution
		{78D02998-3552-46EF-87BC-33C1B2820EF8}.Debug|Any CPU.ActiveCfg = Debug|Any CPU
		{78D02998-3552-46EF-87BC-33C1B2820EF8}.Debug|Any CPU.Build.0 = Debug|Any CPU
		{78D02998-3552-46EF-87BC-33C1B2820EF8}.Release|Any CPU.ActiveCfg = Release|Any CPU
		{78D02998-3552-46EF-87BC-33C1B2820EF8}.Release|Any CPU.Build.0 = Release|Any CPU
	EndGlobalSection
	GlobalSection(SolutionProperties) = preSolution
		HideSolutionNode = FALSE
	EndGlobalSection
	GlobalSection(ExtensibilityGlobals) = postSolution
		SolutionGuid = {4580C9F6-2979-4B48-AC76-6AFB76879D6A}
	EndGlobalSection
EndGlobal
